
Microsoft Visual Studio Solution File, Format Version 12.00
# Visual Studio 15
VisualStudioVersion = 15.0.28010.2046
MinimumVisualStudioVersion = 10.0.40219.1
Project("{FAE04EC0-301F-11D3-BF4B-00C04F79EFBC}") = "GA.Api", "GA.Api\GA.Api.csproj", "{1370C375-9989-45F8-97B2-1F6C1704BA5B}"
EndProject
Global
	GlobalSection(SolutionConfigurationPlatforms) = preSolution
		Debug|Any CPU = Debug|Any CPU
		Debug|x64 = Debug|x64
		Debug|x86 = Debug|x86
		Release|Any CPU = Release|Any CPU
		Release|x64 = Release|x64
		Release|x86 = Release|x86
	EndGlobalSection
	GlobalSection(ProjectConfigurationPlatforms) = postSolution
		{1370C375-9989-45F8-97B2-1F6C1704BA5B}.Debug|Any CPU.ActiveCfg = Debug|Any CPU
		{1370C375-9989-45F8-97B2-1F6C1704BA5B}.Debug|Any CPU.Build.0 = Debug|Any CPU
		{1370C375-9989-45F8-97B2-1F6C1704BA5B}.Debug|x64.ActiveCfg = Debug|Any CPU
		{1370C375-9989-45F8-97B2-1F6C1704BA5B}.Debug|x64.Build.0 = Debug|Any CPU
		{1370C375-9989-45F8-97B2-1F6C1704BA5B}.Debug|x86.ActiveCfg = Debug|Any CPU
		{1370C375-9989-45F8-97B2-1F6C1704BA5B}.Debug|x86.Build.0 = Debug|Any CPU
		{1370C375-9989-45F8-97B2-1F6C1704BA5B}.Release|Any CPU.ActiveCfg = Release|Any CPU
		{1370C375-9989-45F8-97B2-1F6C1704BA5B}.Release|Any CPU.Build.0 = Release|Any CPU
		{1370C375-9989-45F8-97B2-1F6C1704BA5B}.Release|x64.ActiveCfg = Release|Any CPU
		{1370C375-9989-45F8-97B2-1F6C1704BA5B}.Release|x64.Build.0 = Release|Any CPU
		{1370C375-9989-45F8-97B2-1F6C1704BA5B}.Release|x86.ActiveCfg = Release|Any CPU
		{1370C375-9989-45F8-97B2-1F6C1704BA5B}.Release|x86.Build.0 = Release|Any CPU
		{AF37A871-1566-4936-9719-7934531A6F8A}.Debug|Any CPU.ActiveCfg = Debug|Any CPU
		{AF37A871-1566-4936-9719-7934531A6F8A}.Debug|Any CPU.Build.0 = Debug|Any CPU
		{AF37A871-1566-4936-9719-7934531A6F8A}.Debug|x64.ActiveCfg = Debug|Any CPU
		{AF37A871-1566-4936-9719-7934531A6F8A}.Debug|x64.Build.0 = Debug|Any CPU
		{AF37A871-1566-4936-9719-7934531A6F8A}.Debug|x86.ActiveCfg = Debug|Any CPU
		{AF37A871-1566-4936-9719-7934531A6F8A}.Debug|x86.Build.0 = Debug|Any CPU
		{AF37A871-1566-4936-9719-7934531A6F8A}.Release|Any CPU.ActiveCfg = Release|Any CPU
		{AF37A871-1566-4936-9719-7934531A6F8A}.Release|Any CPU.Build.0 = Release|Any CPU
		{AF37A871-1566-4936-9719-7934531A6F8A}.Release|x64.ActiveCfg = Release|Any CPU
		{AF37A871-1566-4936-9719-7934531A6F8A}.Release|x64.Build.0 = Release|Any CPU
		{AF37A871-1566-4936-9719-7934531A6F8A}.Release|x86.ActiveCfg = Release|Any CPU
		{AF37A871-1566-4936-9719-7934531A6F8A}.Release|x86.Build.0 = Release|Any CPU
		{F487A317-80E3-4437-A817-1FB21C87A8D5}.Debug|Any CPU.ActiveCfg = Debug|Any CPU
		{F487A317-80E3-4437-A817-1FB21C87A8D5}.Debug|Any CPU.Build.0 = Debug|Any CPU
		{F487A317-80E3-4437-A817-1FB21C87A8D5}.Debug|x64.ActiveCfg = Debug|Any CPU
		{F487A317-80E3-4437-A817-1FB21C87A8D5}.Debug|x64.Build.0 = Debug|Any CPU
		{F487A317-80E3-4437-A817-1FB21C87A8D5}.Debug|x86.ActiveCfg = Debug|Any CPU
		{F487A317-80E3-4437-A817-1FB21C87A8D5}.Debug|x86.Build.0 = Debug|Any CPU
		{F487A317-80E3-4437-A817-1FB21C87A8D5}.Release|Any CPU.ActiveCfg = Release|Any CPU
		{F487A317-80E3-4437-A817-1FB21C87A8D5}.Release|Any CPU.Build.0 = Release|Any CPU
		{F487A317-80E3-4437-A817-1FB21C87A8D5}.Release|x64.ActiveCfg = Release|Any CPU
		{F487A317-80E3-4437-A817-1FB21C87A8D5}.Release|x64.Build.0 = Release|Any CPU
		{F487A317-80E3-4437-A817-1FB21C87A8D5}.Release|x86.ActiveCfg = Release|Any CPU
		{F487A317-80E3-4437-A817-1FB21C87A8D5}.Release|x86.Build.0 = Release|Any CPU
		{B89A0824-EC35-4295-818B-D9E1B6122D70}.Debug|Any CPU.ActiveCfg = Debug|Any CPU
		{B89A0824-EC35-4295-818B-D9E1B6122D70}.Debug|Any CPU.Build.0 = Debug|Any CPU
		{B89A0824-EC35-4295-818B-D9E1B6122D70}.Debug|x64.ActiveCfg = Debug|Any CPU
		{B89A0824-EC35-4295-818B-D9E1B6122D70}.Debug|x64.Build.0 = Debug|Any CPU
		{B89A0824-EC35-4295-818B-D9E1B6122D70}.Debug|x86.ActiveCfg = Debug|Any CPU
		{B89A0824-EC35-4295-818B-D9E1B6122D70}.Debug|x86.Build.0 = Debug|Any CPU
		{B89A0824-EC35-4295-818B-D9E1B6122D70}.Release|Any CPU.ActiveCfg = Release|Any CPU
		{B89A0824-EC35-4295-818B-D9E1B6122D70}.Release|Any CPU.Build.0 = Release|Any CPU
		{B89A0824-EC35-4295-818B-D9E1B6122D70}.Release|x64.ActiveCfg = Release|Any CPU
		{B89A0824-EC35-4295-818B-D9E1B6122D70}.Release|x64.Build.0 = Release|Any CPU
		{B89A0824-EC35-4295-818B-D9E1B6122D70}.Release|x86.ActiveCfg = Release|Any CPU
		{B89A0824-EC35-4295-818B-D9E1B6122D70}.Release|x86.Build.0 = Release|Any CPU
		{C0FBC624-9A96-4FE7-9BCC-D8A7766FDA28}.Debug|Any CPU.ActiveCfg = Debug|Any CPU
		{C0FBC624-9A96-4FE7-9BCC-D8A7766FDA28}.Debug|Any CPU.Build.0 = Debug|Any CPU
		{C0FBC624-9A96-4FE7-9BCC-D8A7766FDA28}.Debug|x64.ActiveCfg = Debug|Any CPU
		{C0FBC624-9A96-4FE7-9BCC-D8A7766FDA28}.Debug|x64.Build.0 = Debug|Any CPU
		{C0FBC624-9A96-4FE7-9BCC-D8A7766FDA28}.Debug|x86.ActiveCfg = Debug|Any CPU
		{C0FBC624-9A96-4FE7-9BCC-D8A7766FDA28}.Debug|x86.Build.0 = Debug|Any CPU
		{C0FBC624-9A96-4FE7-9BCC-D8A7766FDA28}.Release|Any CPU.ActiveCfg = Release|Any CPU
		{C0FBC624-9A96-4FE7-9BCC-D8A7766FDA28}.Release|Any CPU.Build.0 = Release|Any CPU
		{C0FBC624-9A96-4FE7-9BCC-D8A7766FDA28}.Release|x64.ActiveCfg = Release|Any CPU
		{C0FBC624-9A96-4FE7-9BCC-D8A7766FDA28}.Release|x64.Build.0 = Release|Any CPU
		{C0FBC624-9A96-4FE7-9BCC-D8A7766FDA28}.Release|x86.ActiveCfg = Release|Any CPU
		{C0FBC624-9A96-4FE7-9BCC-D8A7766FDA28}.Release|x86.Build.0 = Release|Any CPU
		{4C209EE6-23F4-4C05-A1CC-BC426811FCB9}.Debug|Any CPU.ActiveCfg = Debug|Any CPU
		{4C209EE6-23F4-4C05-A1CC-BC426811FCB9}.Debug|Any CPU.Build.0 = Debug|Any CPU
		{4C209EE6-23F4-4C05-A1CC-BC426811FCB9}.Debug|x64.ActiveCfg = Debug|Any CPU
		{4C209EE6-23F4-4C05-A1CC-BC426811FCB9}.Debug|x64.Build.0 = Debug|Any CPU
		{4C209EE6-23F4-4C05-A1CC-BC426811FCB9}.Debug|x86.ActiveCfg = Debug|Any CPU
		{4C209EE6-23F4-4C05-A1CC-BC426811FCB9}.Debug|x86.Build.0 = Debug|Any CPU
		{4C209EE6-23F4-4C05-A1CC-BC426811FCB9}.Release|Any CPU.ActiveCfg = Release|Any CPU
		{4C209EE6-23F4-4C05-A1CC-BC426811FCB9}.Release|Any CPU.Build.0 = Release|Any CPU
		{4C209EE6-23F4-4C05-A1CC-BC426811FCB9}.Release|x64.ActiveCfg = Release|Any CPU
		{4C209EE6-23F4-4C05-A1CC-BC426811FCB9}.Release|x64.Build.0 = Release|Any CPU
		{4C209EE6-23F4-4C05-A1CC-BC426811FCB9}.Release|x86.ActiveCfg = Release|Any CPU
		{4C209EE6-23F4-4C05-A1CC-BC426811FCB9}.Release|x86.Build.0 = Release|Any CPU
		{459009AC-81E3-4CD1-8972-DBA32FFB22BA}.Debug|Any CPU.ActiveCfg = Debug|Any CPU
		{459009AC-81E3-4CD1-8972-DBA32FFB22BA}.Debug|Any CPU.Build.0 = Debug|Any CPU
		{459009AC-81E3-4CD1-8972-DBA32FFB22BA}.Debug|x64.ActiveCfg = Debug|Any CPU
		{459009AC-81E3-4CD1-8972-DBA32FFB22BA}.Debug|x64.Build.0 = Debug|Any CPU
		{459009AC-81E3-4CD1-8972-DBA32FFB22BA}.Debug|x86.ActiveCfg = Debug|Any CPU
		{459009AC-81E3-4CD1-8972-DBA32FFB22BA}.Debug|x86.Build.0 = Debug|Any CPU
		{459009AC-81E3-4CD1-8972-DBA32FFB22BA}.Release|Any CPU.ActiveCfg = Release|Any CPU
		{459009AC-81E3-4CD1-8972-DBA32FFB22BA}.Release|Any CPU.Build.0 = Release|Any CPU
		{459009AC-81E3-4CD1-8972-DBA32FFB22BA}.Release|x64.ActiveCfg = Release|Any CPU
		{459009AC-81E3-4CD1-8972-DBA32FFB22BA}.Release|x64.Build.0 = Release|Any CPU
		{459009AC-81E3-4CD1-8972-DBA32FFB22BA}.Release|x86.ActiveCfg = Release|Any CPU
		{459009AC-81E3-4CD1-8972-DBA32FFB22BA}.Release|x86.Build.0 = Release|Any CPU
		{81541A58-EB43-486C-BE1B-86BF98986C0F}.Debug|Any CPU.ActiveCfg = Debug|Any CPU
		{81541A58-EB43-486C-BE1B-86BF98986C0F}.Debug|Any CPU.Build.0 = Debug|Any CPU
		{81541A58-EB43-486C-BE1B-86BF98986C0F}.Debug|x64.ActiveCfg = Debug|Any CPU
		{81541A58-EB43-486C-BE1B-86BF98986C0F}.Debug|x64.Build.0 = Debug|Any CPU
		{81541A58-EB43-486C-BE1B-86BF98986C0F}.Debug|x86.ActiveCfg = Debug|Any CPU
		{81541A58-EB43-486C-BE1B-86BF98986C0F}.Debug|x86.Build.0 = Debug|Any CPU
		{81541A58-EB43-486C-BE1B-86BF98986C0F}.Release|Any CPU.ActiveCfg = Release|Any CPU
		{81541A58-EB43-486C-BE1B-86BF98986C0F}.Release|Any CPU.Build.0 = Release|Any CPU
		{81541A58-EB43-486C-BE1B-86BF98986C0F}.Release|x64.ActiveCfg = Release|Any CPU
		{81541A58-EB43-486C-BE1B-86BF98986C0F}.Release|x64.Build.0 = Release|Any CPU
		{81541A58-EB43-486C-BE1B-86BF98986C0F}.Release|x86.ActiveCfg = Release|Any CPU
		{81541A58-EB43-486C-BE1B-86BF98986C0F}.Release|x86.Build.0 = Release|Any CPU
		{73FEE77F-C226-47D6-8E4B-C53F3895DCDD}.Debug|Any CPU.ActiveCfg = Debug|Any CPU
		{73FEE77F-C226-47D6-8E4B-C53F3895DCDD}.Debug|Any CPU.Build.0 = Debug|Any CPU
		{73FEE77F-C226-47D6-8E4B-C53F3895DCDD}.Debug|x64.ActiveCfg = Debug|Any CPU
		{73FEE77F-C226-47D6-8E4B-C53F3895DCDD}.Debug|x64.Build.0 = Debug|Any CPU
		{73FEE77F-C226-47D6-8E4B-C53F3895DCDD}.Debug|x86.ActiveCfg = Debug|Any CPU
		{73FEE77F-C226-47D6-8E4B-C53F3895DCDD}.Debug|x86.Build.0 = Debug|Any CPU
		{73FEE77F-C226-47D6-8E4B-C53F3895DCDD}.Release|Any CPU.ActiveCfg = Release|Any CPU
		{73FEE77F-C226-47D6-8E4B-C53F3895DCDD}.Release|Any CPU.Build.0 = Release|Any CPU
		{73FEE77F-C226-47D6-8E4B-C53F3895DCDD}.Release|x64.ActiveCfg = Release|Any CPU
		{73FEE77F-C226-47D6-8E4B-C53F3895DCDD}.Release|x64.Build.0 = Release|Any CPU
		{73FEE77F-C226-47D6-8E4B-C53F3895DCDD}.Release|x86.ActiveCfg = Release|Any CPU
		{73FEE77F-C226-47D6-8E4B-C53F3895DCDD}.Release|x86.Build.0 = Release|Any CPU
		{3E816806-D046-4793-B22F-2EF513032323}.Debug|Any CPU.ActiveCfg = Debug|Any CPU
		{3E816806-D046-4793-B22F-2EF513032323}.Debug|Any CPU.Build.0 = Debug|Any CPU
		{3E816806-D046-4793-B22F-2EF513032323}.Debug|x64.ActiveCfg = Debug|Any CPU
		{3E816806-D046-4793-B22F-2EF513032323}.Debug|x64.Build.0 = Debug|Any CPU
		{3E816806-D046-4793-B22F-2EF513032323}.Debug|x86.ActiveCfg = Debug|Any CPU
		{3E816806-D046-4793-B22F-2EF513032323}.Debug|x86.Build.0 = Debug|Any CPU
		{3E816806-D046-4793-B22F-2EF513032323}.Release|Any CPU.ActiveCfg = Release|Any CPU
		{3E816806-D046-4793-B22F-2EF513032323}.Release|Any CPU.Build.0 = Release|Any CPU
		{3E816806-D046-4793-B22F-2EF513032323}.Release|x64.ActiveCfg = Release|Any CPU
		{3E816806-D046-4793-B22F-2EF513032323}.Release|x64.Build.0 = Release|Any CPU
		{3E816806-D046-4793-B22F-2EF513032323}.Release|x86.ActiveCfg = Release|Any CPU
		{3E816806-D046-4793-B22F-2EF513032323}.Release|x86.Build.0 = Release|Any CPU
		{599B636F-2724-41A7-979D-CFBF262E873A}.Debug|Any CPU.ActiveCfg = Debug|Any CPU
		{599B636F-2724-41A7-979D-CFBF262E873A}.Debug|Any CPU.Build.0 = Debug|Any CPU
		{599B636F-2724-41A7-979D-CFBF262E873A}.Debug|x64.ActiveCfg = Debug|Any CPU
		{599B636F-2724-41A7-979D-CFBF262E873A}.Debug|x64.Build.0 = Debug|Any CPU
		{599B636F-2724-41A7-979D-CFBF262E873A}.Debug|x86.ActiveCfg = Debug|Any CPU
		{599B636F-2724-41A7-979D-CFBF262E873A}.Debug|x86.Build.0 = Debug|Any CPU
		{599B636F-2724-41A7-979D-CFBF262E873A}.Release|Any CPU.ActiveCfg = Release|Any CPU
		{599B636F-2724-41A7-979D-CFBF262E873A}.Release|Any CPU.Build.0 = Release|Any CPU
		{599B636F-2724-41A7-979D-CFBF262E873A}.Release|x64.ActiveCfg = Release|Any CPU
		{599B636F-2724-41A7-979D-CFBF262E873A}.Release|x64.Build.0 = Release|Any CPU
		{599B636F-2724-41A7-979D-CFBF262E873A}.Release|x86.ActiveCfg = Release|Any CPU
		{599B636F-2724-41A7-979D-CFBF262E873A}.Release|x86.Build.0 = Release|Any CPU
		{8794A9D6-426C-4C77-8BAF-B603373CC4AC}.Debug|Any CPU.ActiveCfg = Debug|Any CPU
		{8794A9D6-426C-4C77-8BAF-B603373CC4AC}.Debug|Any CPU.Build.0 = Debug|Any CPU
		{8794A9D6-426C-4C77-8BAF-B603373CC4AC}.Debug|x64.ActiveCfg = Debug|Any CPU
		{8794A9D6-426C-4C77-8BAF-B603373CC4AC}.Debug|x64.Build.0 = Debug|Any CPU
		{8794A9D6-426C-4C77-8BAF-B603373CC4AC}.Debug|x86.ActiveCfg = Debug|Any CPU
		{8794A9D6-426C-4C77-8BAF-B603373CC4AC}.Debug|x86.Build.0 = Debug|Any CPU
		{8794A9D6-426C-4C77-8BAF-B603373CC4AC}.Release|Any CPU.ActiveCfg = Release|Any CPU
		{8794A9D6-426C-4C77-8BAF-B603373CC4AC}.Release|Any CPU.Build.0 = Release|Any CPU
		{8794A9D6-426C-4C77-8BAF-B603373CC4AC}.Release|x64.ActiveCfg = Release|Any CPU
		{8794A9D6-426C-4C77-8BAF-B603373CC4AC}.Release|x64.Build.0 = Release|Any CPU
		{8794A9D6-426C-4C77-8BAF-B603373CC4AC}.Release|x86.ActiveCfg = Release|Any CPU
		{8794A9D6-426C-4C77-8BAF-B603373CC4AC}.Release|x86.Build.0 = Release|Any CPU
		{3B5C2F24-A045-4B2A-BDE9-421B154ECA8D}.Debug|Any CPU.ActiveCfg = Debug|Any CPU
		{3B5C2F24-A045-4B2A-BDE9-421B154ECA8D}.Debug|Any CPU.Build.0 = Debug|Any CPU
		{3B5C2F24-A045-4B2A-BDE9-421B154ECA8D}.Debug|x64.ActiveCfg = Debug|Any CPU
		{3B5C2F24-A045-4B2A-BDE9-421B154ECA8D}.Debug|x64.Build.0 = Debug|Any CPU
		{3B5C2F24-A045-4B2A-BDE9-421B154ECA8D}.Debug|x86.ActiveCfg = Debug|Any CPU
		{3B5C2F24-A045-4B2A-BDE9-421B154ECA8D}.Debug|x86.Build.0 = Debug|Any CPU
		{3B5C2F24-A045-4B2A-BDE9-421B154ECA8D}.Release|Any CPU.ActiveCfg = Release|Any CPU
		{3B5C2F24-A045-4B2A-BDE9-421B154ECA8D}.Release|Any CPU.Build.0 = Release|Any CPU
		{3B5C2F24-A045-4B2A-BDE9-421B154ECA8D}.Release|x64.ActiveCfg = Release|Any CPU
		{3B5C2F24-A045-4B2A-BDE9-421B154ECA8D}.Release|x64.Build.0 = Release|Any CPU
		{3B5C2F24-A045-4B2A-BDE9-421B154ECA8D}.Release|x86.ActiveCfg = Release|Any CPU
		{3B5C2F24-A045-4B2A-BDE9-421B154ECA8D}.Release|x86.Build.0 = Release|Any CPU
		{A2813B79-F0DF-4BF7-8FDD-F4B6FC7F478E}.Debug|Any CPU.ActiveCfg = Debug|Any CPU
		{A2813B79-F0DF-4BF7-8FDD-F4B6FC7F478E}.Debug|Any CPU.Build.0 = Debug|Any CPU
		{A2813B79-F0DF-4BF7-8FDD-F4B6FC7F478E}.Debug|x64.ActiveCfg = Debug|Any CPU
		{A2813B79-F0DF-4BF7-8FDD-F4B6FC7F478E}.Debug|x64.Build.0 = Debug|Any CPU
		{A2813B79-F0DF-4BF7-8FDD-F4B6FC7F478E}.Debug|x86.ActiveCfg = Debug|Any CPU
		{A2813B79-F0DF-4BF7-8FDD-F4B6FC7F478E}.Debug|x86.Build.0 = Debug|Any CPU
		{A2813B79-F0DF-4BF7-8FDD-F4B6FC7F478E}.Release|Any CPU.ActiveCfg = Release|Any CPU
		{A2813B79-F0DF-4BF7-8FDD-F4B6FC7F478E}.Release|Any CPU.Build.0 = Release|Any CPU
		{A2813B79-F0DF-4BF7-8FDD-F4B6FC7F478E}.Release|x64.ActiveCfg = Release|Any CPU
		{A2813B79-F0DF-4BF7-8FDD-F4B6FC7F478E}.Release|x64.Build.0 = Release|Any CPU
		{A2813B79-F0DF-4BF7-8FDD-F4B6FC7F478E}.Release|x86.ActiveCfg = Release|Any CPU
		{A2813B79-F0DF-4BF7-8FDD-F4B6FC7F478E}.Release|x86.Build.0 = Release|Any CPU
		{3D4D32D3-28A6-4756-8F34-2AB4C2894375}.Debug|Any CPU.ActiveCfg = Debug|Any CPU
		{3D4D32D3-28A6-4756-8F34-2AB4C2894375}.Debug|Any CPU.Build.0 = Debug|Any CPU
		{3D4D32D3-28A6-4756-8F34-2AB4C2894375}.Debug|x64.ActiveCfg = Debug|Any CPU
		{3D4D32D3-28A6-4756-8F34-2AB4C2894375}.Debug|x64.Build.0 = Debug|Any CPU
		{3D4D32D3-28A6-4756-8F34-2AB4C2894375}.Debug|x86.ActiveCfg = Debug|Any CPU
		{3D4D32D3-28A6-4756-8F34-2AB4C2894375}.Debug|x86.Build.0 = Debug|Any CPU
		{3D4D32D3-28A6-4756-8F34-2AB4C2894375}.Release|Any CPU.ActiveCfg = Release|Any CPU
		{3D4D32D3-28A6-4756-8F34-2AB4C2894375}.Release|Any CPU.Build.0 = Release|Any CPU
		{3D4D32D3-28A6-4756-8F34-2AB4C2894375}.Release|x64.ActiveCfg = Release|Any CPU
		{3D4D32D3-28A6-4756-8F34-2AB4C2894375}.Release|x64.Build.0 = Release|Any CPU
		{3D4D32D3-28A6-4756-8F34-2AB4C2894375}.Release|x86.ActiveCfg = Release|Any CPU
		{3D4D32D3-28A6-4756-8F34-2AB4C2894375}.Release|x86.Build.0 = Release|Any CPU
		{CB6DF3DD-1B0B-4BE3-B17A-0D977C6BB0B8}.Debug|Any CPU.ActiveCfg = Debug|Any CPU
		{CB6DF3DD-1B0B-4BE3-B17A-0D977C6BB0B8}.Debug|Any CPU.Build.0 = Debug|Any CPU
		{CB6DF3DD-1B0B-4BE3-B17A-0D977C6BB0B8}.Debug|x64.ActiveCfg = Debug|Any CPU
		{CB6DF3DD-1B0B-4BE3-B17A-0D977C6BB0B8}.Debug|x64.Build.0 = Debug|Any CPU
		{CB6DF3DD-1B0B-4BE3-B17A-0D977C6BB0B8}.Debug|x86.ActiveCfg = Debug|Any CPU
		{CB6DF3DD-1B0B-4BE3-B17A-0D977C6BB0B8}.Debug|x86.Build.0 = Debug|Any CPU
		{CB6DF3DD-1B0B-4BE3-B17A-0D977C6BB0B8}.Release|Any CPU.ActiveCfg = Release|Any CPU
		{CB6DF3DD-1B0B-4BE3-B17A-0D977C6BB0B8}.Release|Any CPU.Build.0 = Release|Any CPU
		{CB6DF3DD-1B0B-4BE3-B17A-0D977C6BB0B8}.Release|x64.ActiveCfg = Release|Any CPU
		{CB6DF3DD-1B0B-4BE3-B17A-0D977C6BB0B8}.Release|x64.Build.0 = Release|Any CPU
		{CB6DF3DD-1B0B-4BE3-B17A-0D977C6BB0B8}.Release|x86.ActiveCfg = Release|Any CPU
		{CB6DF3DD-1B0B-4BE3-B17A-0D977C6BB0B8}.Release|x86.Build.0 = Release|Any CPU
	EndGlobalSection
	GlobalSection(SolutionProperties) = preSolution
		HideSolutionNode = FALSE
	EndGlobalSection
	GlobalSection(ExtensibilityGlobals) = postSolution
		SolutionGuid = {21F9A098-9840-44B6-A7B6-9F801FC6A5B9}
	EndGlobalSection
EndGlobal
